
Microsoft Visual Studio Solution File, Format Version 12.00
# Visual Studio 2013
VisualStudioVersion = 12.0.31101.0
MinimumVisualStudioVersion = 10.0.40219.1
Project("{FAE04EC0-301F-11D3-BF4B-00C04F79EFBC}") = "SpectrumTest", "SpectrumTest\SpectrumTest.csproj", "{E18B9F71-A838-481F-BD99-C7FC86D77D4A}"
EndProject
Project("{2150E333-8FDC-42A3-9474-1A3956D46DE8}") = "NET3.5", "NET3.5", "{4FCAC8D8-8AC1-48B0-8CA9-D352AE06565A}"
EndProject
Project("{2150E333-8FDC-42A3-9474-1A3956D46DE8}") = "NET4.5", "NET4.5", "{77B88BA2-C657-4A25-8606-543192865C12}"
EndProject
Project("{FAE04EC0-301F-11D3-BF4B-00C04F79EFBC}") = "Spectrum.WildFire.Common", "Spectrum.WildFire.Common\Spectrum.WildFire.Common.csproj", "{F457B0C8-2BF3-49B8-9A39-25DF52A44A02}"
EndProject
Project("{FAE04EC0-301F-11D3-BF4B-00C04F79EFBC}") = "Spectrum.WildFire.Dynamic", "Spectrum.WildFire.Dynamic\Spectrum.WildFire.Dynamic.csproj", "{2B7FA4D1-3DBD-4CAB-9334-010817499E5D}"
EndProject
Global
	GlobalSection(SolutionConfigurationPlatforms) = preSolution
		Debug|Any CPU = Debug|Any CPU
		Release|Any CPU = Release|Any CPU
	EndGlobalSection
	GlobalSection(ProjectConfigurationPlatforms) = postSolution
		{E18B9F71-A838-481F-BD99-C7FC86D77D4A}.Debug|Any CPU.ActiveCfg = Debug|Any CPU
		{E18B9F71-A838-481F-BD99-C7FC86D77D4A}.Debug|Any CPU.Build.0 = Debug|Any CPU
		{E18B9F71-A838-481F-BD99-C7FC86D77D4A}.Release|Any CPU.ActiveCfg = Release|Any CPU
		{E18B9F71-A838-481F-BD99-C7FC86D77D4A}.Release|Any CPU.Build.0 = Release|Any CPU
		{F457B0C8-2BF3-49B8-9A39-25DF52A44A02}.Debug|Any CPU.ActiveCfg = Debug|Any CPU
		{F457B0C8-2BF3-49B8-9A39-25DF52A44A02}.Debug|Any CPU.Build.0 = Debug|Any CPU
		{F457B0C8-2BF3-49B8-9A39-25DF52A44A02}.Release|Any CPU.ActiveCfg = Release|Any CPU
		{F457B0C8-2BF3-49B8-9A39-25DF52A44A02}.Release|Any CPU.Build.0 = Release|Any CPU
		{2B7FA4D1-3DBD-4CAB-9334-010817499E5D}.Debug|Any CPU.ActiveCfg = Debug|Any CPU
		{2B7FA4D1-3DBD-4CAB-9334-010817499E5D}.Debug|Any CPU.Build.0 = Debug|Any CPU
		{2B7FA4D1-3DBD-4CAB-9334-010817499E5D}.Release|Any CPU.ActiveCfg = Release|Any CPU
		{2B7FA4D1-3DBD-4CAB-9334-010817499E5D}.Release|Any CPU.Build.0 = Release|Any CPU
	EndGlobalSection
	GlobalSection(SolutionProperties) = preSolution
		HideSolutionNode = FALSE
	EndGlobalSection
	GlobalSection(NestedProjects) = preSolution
		{F457B0C8-2BF3-49B8-9A39-25DF52A44A02} = {77B88BA2-C657-4A25-8606-543192865C12}
		{2B7FA4D1-3DBD-4CAB-9334-010817499E5D} = {77B88BA2-C657-4A25-8606-543192865C12}
	EndGlobalSection
EndGlobal
